// !$*UTF8*$!
{
	archiveVersion = 1;
	classes = {
	};
	objectVersion = 55;
	objects = {

/* Begin PBXBuildFile section */
		2C3A1A8B1E9459ACC5D816FA /* Pods_MovieReview.framework in Frameworks */ = {isa = PBXBuildFile; fileRef = C93DB4082FFB241184C7F7C9 /* Pods_MovieReview.framework */; };
		6AB839D8288E23A800BE01CF /* MovieReviewApp.swift in Sources */ = {isa = PBXBuildFile; fileRef = 6AB839D7288E23A800BE01CF /* MovieReviewApp.swift */; };
		6AB839DA288E23A800BE01CF /* ContentView.swift in Sources */ = {isa = PBXBuildFile; fileRef = 6AB839D9288E23A800BE01CF /* ContentView.swift */; };
		6AB839DC288E23A900BE01CF /* Assets.xcassets in Resources */ = {isa = PBXBuildFile; fileRef = 6AB839DB288E23A900BE01CF /* Assets.xcassets */; };
		6AB839DF288E23A900BE01CF /* Preview Assets.xcassets in Resources */ = {isa = PBXBuildFile; fileRef = 6AB839DE288E23A900BE01CF /* Preview Assets.xcassets */; };
		6AB839E1288E23A900BE01CF /* Persistence.swift in Sources */ = {isa = PBXBuildFile; fileRef = 6AB839E0288E23A900BE01CF /* Persistence.swift */; };
		6AB839E4288E23A900BE01CF /* MovieReview.xcdatamodeld in Sources */ = {isa = PBXBuildFile; fileRef = 6AB839E2288E23A900BE01CF /* MovieReview.xcdatamodeld */; };
		6AB839EE288E23A900BE01CF /* MovieReviewTests.swift in Sources */ = {isa = PBXBuildFile; fileRef = 6AB839ED288E23A900BE01CF /* MovieReviewTests.swift */; };
		6AB839F8288E23A900BE01CF /* MovieReviewUITests.swift in Sources */ = {isa = PBXBuildFile; fileRef = 6AB839F7288E23A900BE01CF /* MovieReviewUITests.swift */; };
		6AB839FA288E23A900BE01CF /* MovieReviewUITestsLaunchTests.swift in Sources */ = {isa = PBXBuildFile; fileRef = 6AB839F9288E23A900BE01CF /* MovieReviewUITestsLaunchTests.swift */; };
		6AB83A0B288F76E400BE01CF /* Review.swift in Sources */ = {isa = PBXBuildFile; fileRef = 6AB83A0A288F76E400BE01CF /* Review.swift */; };
		6AB83A13288F86B800BE01CF /* Alamofire in Frameworks */ = {isa = PBXBuildFile; productRef = 6AB83A12288F86B800BE01CF /* Alamofire */; };
		6AB83A16288F86CB00BE01CF /* Kingfisher in Frameworks */ = {isa = PBXBuildFile; productRef = 6AB83A15288F86CB00BE01CF /* Kingfisher */; };
		6AB83A1828976B4300BE01CF /* RequestModel.swift in Sources */ = {isa = PBXBuildFile; fileRef = 6AB83A1728976B4300BE01CF /* RequestModel.swift */; };
		6AB83A1A28976B4F00BE01CF /* ResponseModel.swift in Sources */ = {isa = PBXBuildFile; fileRef = 6AB83A1928976B4F00BE01CF /* ResponseModel.swift */; };
		6AB83A1D28976B7200BE01CF /* Constants.swift in Sources */ = {isa = PBXBuildFile; fileRef = 6AB83A1C28976B7200BE01CF /* Constants.swift */; };
		6AB83A1F28976D8600BE01CF /* Network.swift in Sources */ = {isa = PBXBuildFile; fileRef = 6AB83A1E28976D8600BE01CF /* Network.swift */; };
		6AB83A2428978A5800BE01CF /* ReviewsView.swift in Sources */ = {isa = PBXBuildFile; fileRef = 6AB83A2328978A5800BE01CF /* ReviewsView.swift */; };
		6AB83A2828978B0F00BE01CF /* ReviewDetailView.swift in Sources */ = {isa = PBXBuildFile; fileRef = 6AB83A2728978B0F00BE01CF /* ReviewDetailView.swift */; };
		82BA5619DB10D3882643DA35 /* Pods_MovieReviewTests.framework in Frameworks */ = {isa = PBXBuildFile; fileRef = 576843FF3605A4D8717DA662 /* Pods_MovieReviewTests.framework */; };
		C9734B12E7C894CE9DFB85F2 /* Pods_MovieReview_MovieReviewUITests.framework in Frameworks */ = {isa = PBXBuildFile; fileRef = 6D3DE658EF7634B7CD2E0338 /* Pods_MovieReview_MovieReviewUITests.framework */; };
/* End PBXBuildFile section */

/* Begin PBXContainerItemProxy section */
		6AB839EA288E23A900BE01CF /* PBXContainerItemProxy */ = {
			isa = PBXContainerItemProxy;
			containerPortal = 6AB839CC288E23A800BE01CF /* Project object */;
			proxyType = 1;
			remoteGlobalIDString = 6AB839D3288E23A800BE01CF;
			remoteInfo = MovieReview;
		};
		6AB839F4288E23A900BE01CF /* PBXContainerItemProxy */ = {
			isa = PBXContainerItemProxy;
			containerPortal = 6AB839CC288E23A800BE01CF /* Project object */;
			proxyType = 1;
			remoteGlobalIDString = 6AB839D3288E23A800BE01CF;
			remoteInfo = MovieReview;
		};
/* End PBXContainerItemProxy section */

/* Begin PBXFileReference section */
		1C45130B79F5EC9083BE602C /* Pods-MovieReviewTests.release.xcconfig */ = {isa = PBXFileReference; includeInIndex = 1; lastKnownFileType = text.xcconfig; name = "Pods-MovieReviewTests.release.xcconfig"; path = "Target Support Files/Pods-MovieReviewTests/Pods-MovieReviewTests.release.xcconfig"; sourceTree = "<group>"; };
		41E3480D2996AB3A3D0586FF /* Pods-MovieReviewTests.debug.xcconfig */ = {isa = PBXFileReference; includeInIndex = 1; lastKnownFileType = text.xcconfig; name = "Pods-MovieReviewTests.debug.xcconfig"; path = "Target Support Files/Pods-MovieReviewTests/Pods-MovieReviewTests.debug.xcconfig"; sourceTree = "<group>"; };
		576843FF3605A4D8717DA662 /* Pods_MovieReviewTests.framework */ = {isa = PBXFileReference; explicitFileType = wrapper.framework; includeInIndex = 0; path = Pods_MovieReviewTests.framework; sourceTree = BUILT_PRODUCTS_DIR; };
		6AB839D4288E23A800BE01CF /* MovieReview.app */ = {isa = PBXFileReference; explicitFileType = wrapper.application; includeInIndex = 0; path = MovieReview.app; sourceTree = BUILT_PRODUCTS_DIR; };
		6AB839D7288E23A800BE01CF /* MovieReviewApp.swift */ = {isa = PBXFileReference; lastKnownFileType = sourcecode.swift; path = MovieReviewApp.swift; sourceTree = "<group>"; };
		6AB839D9288E23A800BE01CF /* ContentView.swift */ = {isa = PBXFileReference; lastKnownFileType = sourcecode.swift; path = ContentView.swift; sourceTree = "<group>"; };
		6AB839DB288E23A900BE01CF /* Assets.xcassets */ = {isa = PBXFileReference; lastKnownFileType = folder.assetcatalog; path = Assets.xcassets; sourceTree = "<group>"; };
		6AB839DE288E23A900BE01CF /* Preview Assets.xcassets */ = {isa = PBXFileReference; lastKnownFileType = folder.assetcatalog; path = "Preview Assets.xcassets"; sourceTree = "<group>"; };
		6AB839E0288E23A900BE01CF /* Persistence.swift */ = {isa = PBXFileReference; lastKnownFileType = sourcecode.swift; path = Persistence.swift; sourceTree = "<group>"; };
		6AB839E3288E23A900BE01CF /* MovieReview.xcdatamodel */ = {isa = PBXFileReference; lastKnownFileType = wrapper.xcdatamodel; path = MovieReview.xcdatamodel; sourceTree = "<group>"; };
		6AB839E9288E23A900BE01CF /* MovieReviewTests.xctest */ = {isa = PBXFileReference; explicitFileType = wrapper.cfbundle; includeInIndex = 0; path = MovieReviewTests.xctest; sourceTree = BUILT_PRODUCTS_DIR; };
		6AB839ED288E23A900BE01CF /* MovieReviewTests.swift */ = {isa = PBXFileReference; lastKnownFileType = sourcecode.swift; path = MovieReviewTests.swift; sourceTree = "<group>"; };
		6AB839F3288E23A900BE01CF /* MovieReviewUITests.xctest */ = {isa = PBXFileReference; explicitFileType = wrapper.cfbundle; includeInIndex = 0; path = MovieReviewUITests.xctest; sourceTree = BUILT_PRODUCTS_DIR; };
		6AB839F7288E23A900BE01CF /* MovieReviewUITests.swift */ = {isa = PBXFileReference; lastKnownFileType = sourcecode.swift; path = MovieReviewUITests.swift; sourceTree = "<group>"; };
		6AB839F9288E23A900BE01CF /* MovieReviewUITestsLaunchTests.swift */ = {isa = PBXFileReference; lastKnownFileType = sourcecode.swift; path = MovieReviewUITestsLaunchTests.swift; sourceTree = "<group>"; };
		6AB83A06288E242D00BE01CF /* README.md */ = {isa = PBXFileReference; lastKnownFileType = net.daringfireball.markdown; path = README.md; sourceTree = "<group>"; };
		6AB83A0A288F76E400BE01CF /* Review.swift */ = {isa = PBXFileReference; lastKnownFileType = sourcecode.swift; path = Review.swift; sourceTree = "<group>"; };
		6AB83A10288F81CB00BE01CF /* .swiftlint.yml */ = {isa = PBXFileReference; lastKnownFileType = text.yaml; path = .swiftlint.yml; sourceTree = "<group>"; };
		6AB83A1728976B4300BE01CF /* RequestModel.swift */ = {isa = PBXFileReference; lastKnownFileType = sourcecode.swift; path = RequestModel.swift; sourceTree = "<group>"; };
		6AB83A1928976B4F00BE01CF /* ResponseModel.swift */ = {isa = PBXFileReference; lastKnownFileType = sourcecode.swift; path = ResponseModel.swift; sourceTree = "<group>"; };
		6AB83A1C28976B7200BE01CF /* Constants.swift */ = {isa = PBXFileReference; lastKnownFileType = sourcecode.swift; path = Constants.swift; sourceTree = "<group>"; };
		6AB83A1E28976D8600BE01CF /* Network.swift */ = {isa = PBXFileReference; lastKnownFileType = sourcecode.swift; path = Network.swift; sourceTree = "<group>"; };
		6AB83A2328978A5800BE01CF /* ReviewsView.swift */ = {isa = PBXFileReference; lastKnownFileType = sourcecode.swift; path = ReviewsView.swift; sourceTree = "<group>"; };
		6AB83A2728978B0F00BE01CF /* ReviewDetailView.swift */ = {isa = PBXFileReference; lastKnownFileType = sourcecode.swift; path = ReviewDetailView.swift; sourceTree = "<group>"; };
		6D3DE658EF7634B7CD2E0338 /* Pods_MovieReview_MovieReviewUITests.framework */ = {isa = PBXFileReference; explicitFileType = wrapper.framework; includeInIndex = 0; path = Pods_MovieReview_MovieReviewUITests.framework; sourceTree = BUILT_PRODUCTS_DIR; };
		786D58FB6B7EBE7C6096FE5A /* Pods-MovieReview-MovieReviewUITests.release.xcconfig */ = {isa = PBXFileReference; includeInIndex = 1; lastKnownFileType = text.xcconfig; name = "Pods-MovieReview-MovieReviewUITests.release.xcconfig"; path = "Target Support Files/Pods-MovieReview-MovieReviewUITests/Pods-MovieReview-MovieReviewUITests.release.xcconfig"; sourceTree = "<group>"; };
		7BAF5ABA05A213B157815433 /* Pods-MovieReview.debug.xcconfig */ = {isa = PBXFileReference; includeInIndex = 1; lastKnownFileType = text.xcconfig; name = "Pods-MovieReview.debug.xcconfig"; path = "Target Support Files/Pods-MovieReview/Pods-MovieReview.debug.xcconfig"; sourceTree = "<group>"; };
		7FD739F21EE2A38C617169A5 /* Pods-MovieReview.release.xcconfig */ = {isa = PBXFileReference; includeInIndex = 1; lastKnownFileType = text.xcconfig; name = "Pods-MovieReview.release.xcconfig"; path = "Target Support Files/Pods-MovieReview/Pods-MovieReview.release.xcconfig"; sourceTree = "<group>"; };
		C93DB4082FFB241184C7F7C9 /* Pods_MovieReview.framework */ = {isa = PBXFileReference; explicitFileType = wrapper.framework; includeInIndex = 0; path = Pods_MovieReview.framework; sourceTree = BUILT_PRODUCTS_DIR; };
		FA29B69E0449A19AA92C5443 /* Pods-MovieReview-MovieReviewUITests.debug.xcconfig */ = {isa = PBXFileReference; includeInIndex = 1; lastKnownFileType = text.xcconfig; name = "Pods-MovieReview-MovieReviewUITests.debug.xcconfig"; path = "Target Support Files/Pods-MovieReview-MovieReviewUITests/Pods-MovieReview-MovieReviewUITests.debug.xcconfig"; sourceTree = "<group>"; };
/* End PBXFileReference section */

/* Begin PBXFrameworksBuildPhase section */
		6AB839D1288E23A800BE01CF /* Frameworks */ = {
			isa = PBXFrameworksBuildPhase;
			buildActionMask = 2147483647;
			files = (
				6AB83A16288F86CB00BE01CF /* Kingfisher in Frameworks */,
				2C3A1A8B1E9459ACC5D816FA /* Pods_MovieReview.framework in Frameworks */,
				6AB83A13288F86B800BE01CF /* Alamofire in Frameworks */,
			);
			runOnlyForDeploymentPostprocessing = 0;
		};
		6AB839E6288E23A900BE01CF /* Frameworks */ = {
			isa = PBXFrameworksBuildPhase;
			buildActionMask = 2147483647;
			files = (
				82BA5619DB10D3882643DA35 /* Pods_MovieReviewTests.framework in Frameworks */,
			);
			runOnlyForDeploymentPostprocessing = 0;
		};
		6AB839F0288E23A900BE01CF /* Frameworks */ = {
			isa = PBXFrameworksBuildPhase;
			buildActionMask = 2147483647;
			files = (
				C9734B12E7C894CE9DFB85F2 /* Pods_MovieReview_MovieReviewUITests.framework in Frameworks */,
			);
			runOnlyForDeploymentPostprocessing = 0;
		};
/* End PBXFrameworksBuildPhase section */

/* Begin PBXGroup section */
		4845F8D7A605E19F98FC3F48 /* Frameworks */ = {
			isa = PBXGroup;
			children = (
				C93DB4082FFB241184C7F7C9 /* Pods_MovieReview.framework */,
				6D3DE658EF7634B7CD2E0338 /* Pods_MovieReview_MovieReviewUITests.framework */,
				576843FF3605A4D8717DA662 /* Pods_MovieReviewTests.framework */,
			);
			name = Frameworks;
			sourceTree = "<group>";
		};
		6AB839CB288E23A800BE01CF = {
			isa = PBXGroup;
			children = (
				6AB83A10288F81CB00BE01CF /* .swiftlint.yml */,
				6AB83A06288E242D00BE01CF /* README.md */,
				6AB839D6288E23A800BE01CF /* MovieReview */,
				6AB839EC288E23A900BE01CF /* MovieReviewTests */,
				6AB839F6288E23A900BE01CF /* MovieReviewUITests */,
				6AB839D5288E23A800BE01CF /* Products */,
				6AF609E69E238D5B97A5765B /* Pods */,
				4845F8D7A605E19F98FC3F48 /* Frameworks */,
			);
			sourceTree = "<group>";
		};
		6AB839D5288E23A800BE01CF /* Products */ = {
			isa = PBXGroup;
			children = (
				6AB839D4288E23A800BE01CF /* MovieReview.app */,
				6AB839E9288E23A900BE01CF /* MovieReviewTests.xctest */,
				6AB839F3288E23A900BE01CF /* MovieReviewUITests.xctest */,
			);
			name = Products;
			sourceTree = "<group>";
		};
		6AB839D6288E23A800BE01CF /* MovieReview */ = {
			isa = PBXGroup;
			children = (
				6AB83A2228976E0000BE01CF /* Resources */,
				6AB83A2028976DDE00BE01CF /* Scenes */,
				6AB83A1B28976B6000BE01CF /* Util */,
				6AB83A09288F76D700BE01CF /* Model */,
				6AB839DD288E23A900BE01CF /* Preview Content */,
			);
			path = MovieReview;
			sourceTree = "<group>";
		};
		6AB839DD288E23A900BE01CF /* Preview Content */ = {
			isa = PBXGroup;
			children = (
				6AB839DE288E23A900BE01CF /* Preview Assets.xcassets */,
			);
			path = "Preview Content";
			sourceTree = "<group>";
		};
		6AB839EC288E23A900BE01CF /* MovieReviewTests */ = {
			isa = PBXGroup;
			children = (
				6AB839ED288E23A900BE01CF /* MovieReviewTests.swift */,
			);
			path = MovieReviewTests;
			sourceTree = "<group>";
		};
		6AB839F6288E23A900BE01CF /* MovieReviewUITests */ = {
			isa = PBXGroup;
			children = (
				6AB839F7288E23A900BE01CF /* MovieReviewUITests.swift */,
				6AB839F9288E23A900BE01CF /* MovieReviewUITestsLaunchTests.swift */,
			);
			path = MovieReviewUITests;
			sourceTree = "<group>";
		};
		6AB83A09288F76D700BE01CF /* Model */ = {
			isa = PBXGroup;
			children = (
				6AB83A0A288F76E400BE01CF /* Review.swift */,
				6AB83A1728976B4300BE01CF /* RequestModel.swift */,
				6AB83A1928976B4F00BE01CF /* ResponseModel.swift */,
			);
			path = Model;
			sourceTree = "<group>";
		};
		6AB83A1B28976B6000BE01CF /* Util */ = {
			isa = PBXGroup;
			children = (
				6AB839E0288E23A900BE01CF /* Persistence.swift */,
				6AB83A1C28976B7200BE01CF /* Constants.swift */,
				6AB83A1E28976D8600BE01CF /* Network.swift */,
			);
			path = Util;
			sourceTree = "<group>";
		};
		6AB83A2028976DDE00BE01CF /* Scenes */ = {
			isa = PBXGroup;
			children = (
				6AB83A2628978AF000BE01CF /* Review Detail */,
				6AB83A2528978AE000BE01CF /* Review View */,
				6AB839D9288E23A800BE01CF /* ContentView.swift */,
				6AB83A2128976DE500BE01CF /* main */,
			);
			path = Scenes;
			sourceTree = "<group>";
		};
		6AB83A2128976DE500BE01CF /* main */ = {
			isa = PBXGroup;
			children = (
				6AB839D7288E23A800BE01CF /* MovieReviewApp.swift */,
			);
			path = main;
			sourceTree = "<group>";
		};
		6AB83A2228976E0000BE01CF /* Resources */ = {
			isa = PBXGroup;
			children = (
				6AB839DB288E23A900BE01CF /* Assets.xcassets */,
				6AB839E2288E23A900BE01CF /* MovieReview.xcdatamodeld */,
			);
			path = Resources;
			sourceTree = "<group>";
		};
		6AB83A2528978AE000BE01CF /* Review View */ = {
			isa = PBXGroup;
			children = (
				6AB83A2328978A5800BE01CF /* ReviewsView.swift */,
			);
			path = "Review View";
			sourceTree = "<group>";
		};
		6AB83A2628978AF000BE01CF /* Review Detail */ = {
			isa = PBXGroup;
			children = (
				6AB83A2728978B0F00BE01CF /* ReviewDetailView.swift */,
			);
			path = "Review Detail";
			sourceTree = "<group>";
		};
		6AF609E69E238D5B97A5765B /* Pods */ = {
			isa = PBXGroup;
			children = (
				7BAF5ABA05A213B157815433 /* Pods-MovieReview.debug.xcconfig */,
				7FD739F21EE2A38C617169A5 /* Pods-MovieReview.release.xcconfig */,
				FA29B69E0449A19AA92C5443 /* Pods-MovieReview-MovieReviewUITests.debug.xcconfig */,
				786D58FB6B7EBE7C6096FE5A /* Pods-MovieReview-MovieReviewUITests.release.xcconfig */,
				41E3480D2996AB3A3D0586FF /* Pods-MovieReviewTests.debug.xcconfig */,
				1C45130B79F5EC9083BE602C /* Pods-MovieReviewTests.release.xcconfig */,
			);
			path = Pods;
			sourceTree = "<group>";
		};
/* End PBXGroup section */

/* Begin PBXNativeTarget section */
		6AB839D3288E23A800BE01CF /* MovieReview */ = {
			isa = PBXNativeTarget;
			buildConfigurationList = 6AB839FD288E23A900BE01CF /* Build configuration list for PBXNativeTarget "MovieReview" */;
			buildPhases = (
				D9C5ED4B4CD5C211C19E2BC4 /* [CP] Check Pods Manifest.lock */,
				6AB839D0288E23A800BE01CF /* Sources */,
				6AB839D1288E23A800BE01CF /* Frameworks */,
				6AB839D2288E23A800BE01CF /* Resources */,
				6AB83A0F288F80EE00BE01CF /* SwiftLint */,
			);
			buildRules = (
			);
			dependencies = (
			);
			name = MovieReview;
			packageProductDependencies = (
				6AB83A12288F86B800BE01CF /* Alamofire */,
				6AB83A15288F86CB00BE01CF /* Kingfisher */,
			);
			productName = MovieReview;
			productReference = 6AB839D4288E23A800BE01CF /* MovieReview.app */;
			productType = "com.apple.product-type.application";
		};
		6AB839E8288E23A900BE01CF /* MovieReviewTests */ = {
			isa = PBXNativeTarget;
			buildConfigurationList = 6AB83A00288E23A900BE01CF /* Build configuration list for PBXNativeTarget "MovieReviewTests" */;
			buildPhases = (
				B7F146C34A452D163D85738E /* [CP] Check Pods Manifest.lock */,
				6AB839E5288E23A900BE01CF /* Sources */,
				6AB839E6288E23A900BE01CF /* Frameworks */,
				6AB839E7288E23A900BE01CF /* Resources */,
			);
			buildRules = (
			);
			dependencies = (
				6AB839EB288E23A900BE01CF /* PBXTargetDependency */,
			);
			name = MovieReviewTests;
			productName = MovieReviewTests;
			productReference = 6AB839E9288E23A900BE01CF /* MovieReviewTests.xctest */;
			productType = "com.apple.product-type.bundle.unit-test";
		};
		6AB839F2288E23A900BE01CF /* MovieReviewUITests */ = {
			isa = PBXNativeTarget;
			buildConfigurationList = 6AB83A03288E23A900BE01CF /* Build configuration list for PBXNativeTarget "MovieReviewUITests" */;
			buildPhases = (
				8693A0437EA40187C013BFEA /* [CP] Check Pods Manifest.lock */,
				6AB839EF288E23A900BE01CF /* Sources */,
				6AB839F0288E23A900BE01CF /* Frameworks */,
				6AB839F1288E23A900BE01CF /* Resources */,
			);
			buildRules = (
			);
			dependencies = (
				6AB839F5288E23A900BE01CF /* PBXTargetDependency */,
			);
			name = MovieReviewUITests;
			productName = MovieReviewUITests;
			productReference = 6AB839F3288E23A900BE01CF /* MovieReviewUITests.xctest */;
			productType = "com.apple.product-type.bundle.ui-testing";
		};
/* End PBXNativeTarget section */

/* Begin PBXProject section */
		6AB839CC288E23A800BE01CF /* Project object */ = {
			isa = PBXProject;
			attributes = {
				BuildIndependentTargetsInParallel = 1;
				LastSwiftUpdateCheck = 1330;
				LastUpgradeCheck = 1330;
				TargetAttributes = {
					6AB839D3288E23A800BE01CF = {
						CreatedOnToolsVersion = 13.3;
					};
					6AB839E8288E23A900BE01CF = {
						CreatedOnToolsVersion = 13.3;
						TestTargetID = 6AB839D3288E23A800BE01CF;
					};
					6AB839F2288E23A900BE01CF = {
						CreatedOnToolsVersion = 13.3;
						TestTargetID = 6AB839D3288E23A800BE01CF;
					};
				};
			};
			buildConfigurationList = 6AB839CF288E23A800BE01CF /* Build configuration list for PBXProject "MovieReview" */;
			compatibilityVersion = "Xcode 13.0";
			developmentRegion = en;
			hasScannedForEncodings = 0;
			knownRegions = (
				en,
				Base,
			);
			mainGroup = 6AB839CB288E23A800BE01CF;
			packageReferences = (
				6AB83A11288F86B800BE01CF /* XCRemoteSwiftPackageReference "Alamofire" */,
				6AB83A14288F86CB00BE01CF /* XCRemoteSwiftPackageReference "Kingfisher" */,
			);
			productRefGroup = 6AB839D5288E23A800BE01CF /* Products */;
			projectDirPath = "";
			projectRoot = "";
			targets = (
				6AB839D3288E23A800BE01CF /* MovieReview */,
				6AB839E8288E23A900BE01CF /* MovieReviewTests */,
				6AB839F2288E23A900BE01CF /* MovieReviewUITests */,
			);
		};
/* End PBXProject section */

/* Begin PBXResourcesBuildPhase section */
		6AB839D2288E23A800BE01CF /* Resources */ = {
			isa = PBXResourcesBuildPhase;
			buildActionMask = 2147483647;
			files = (
				6AB839DF288E23A900BE01CF /* Preview Assets.xcassets in Resources */,
				6AB839DC288E23A900BE01CF /* Assets.xcassets in Resources */,
			);
			runOnlyForDeploymentPostprocessing = 0;
		};
		6AB839E7288E23A900BE01CF /* Resources */ = {
			isa = PBXResourcesBuildPhase;
			buildActionMask = 2147483647;
			files = (
			);
			runOnlyForDeploymentPostprocessing = 0;
		};
		6AB839F1288E23A900BE01CF /* Resources */ = {
			isa = PBXResourcesBuildPhase;
			buildActionMask = 2147483647;
			files = (
			);
			runOnlyForDeploymentPostprocessing = 0;
		};
/* End PBXResourcesBuildPhase section */

/* Begin PBXShellScriptBuildPhase section */
		6AB83A0F288F80EE00BE01CF /* SwiftLint */ = {
			isa = PBXShellScriptBuildPhase;
			buildActionMask = 2147483647;
			files = (
			);
			inputFileListPaths = (
			);
			inputPaths = (
			);
			name = SwiftLint;
			outputFileListPaths = (
			);
			outputPaths = (
			);
			runOnlyForDeploymentPostprocessing = 0;
			shellPath = /bin/sh;
			shellScript = "${PODS_ROOT}/SwiftLint/swiftlint\n";
		};
		8693A0437EA40187C013BFEA /* [CP] Check Pods Manifest.lock */ = {
			isa = PBXShellScriptBuildPhase;
			buildActionMask = 2147483647;
			files = (
			);
			inputFileListPaths = (
			);
			inputPaths = (
				"${PODS_PODFILE_DIR_PATH}/Podfile.lock",
				"${PODS_ROOT}/Manifest.lock",
			);
			name = "[CP] Check Pods Manifest.lock";
			outputFileListPaths = (
			);
			outputPaths = (
				"$(DERIVED_FILE_DIR)/Pods-MovieReview-MovieReviewUITests-checkManifestLockResult.txt",
			);
			runOnlyForDeploymentPostprocessing = 0;
			shellPath = /bin/sh;
			shellScript = "diff \"${PODS_PODFILE_DIR_PATH}/Podfile.lock\" \"${PODS_ROOT}/Manifest.lock\" > /dev/null\nif [ $? != 0 ] ; then\n    # print error to STDERR\n    echo \"error: The sandbox is not in sync with the Podfile.lock. Run 'pod install' or update your CocoaPods installation.\" >&2\n    exit 1\nfi\n# This output is used by Xcode 'outputs' to avoid re-running this script phase.\necho \"SUCCESS\" > \"${SCRIPT_OUTPUT_FILE_0}\"\n";
			showEnvVarsInLog = 0;
		};
		B7F146C34A452D163D85738E /* [CP] Check Pods Manifest.lock */ = {
			isa = PBXShellScriptBuildPhase;
			buildActionMask = 2147483647;
			files = (
			);
			inputFileListPaths = (
			);
			inputPaths = (
				"${PODS_PODFILE_DIR_PATH}/Podfile.lock",
				"${PODS_ROOT}/Manifest.lock",
			);
			name = "[CP] Check Pods Manifest.lock";
			outputFileListPaths = (
			);
			outputPaths = (
				"$(DERIVED_FILE_DIR)/Pods-MovieReviewTests-checkManifestLockResult.txt",
			);
			runOnlyForDeploymentPostprocessing = 0;
			shellPath = /bin/sh;
			shellScript = "diff \"${PODS_PODFILE_DIR_PATH}/Podfile.lock\" \"${PODS_ROOT}/Manifest.lock\" > /dev/null\nif [ $? != 0 ] ; then\n    # print error to STDERR\n    echo \"error: The sandbox is not in sync with the Podfile.lock. Run 'pod install' or update your CocoaPods installation.\" >&2\n    exit 1\nfi\n# This output is used by Xcode 'outputs' to avoid re-running this script phase.\necho \"SUCCESS\" > \"${SCRIPT_OUTPUT_FILE_0}\"\n";
			showEnvVarsInLog = 0;
		};
		D9C5ED4B4CD5C211C19E2BC4 /* [CP] Check Pods Manifest.lock */ = {
			isa = PBXShellScriptBuildPhase;
			buildActionMask = 2147483647;
			files = (
			);
			inputFileListPaths = (
			);
			inputPaths = (
				"${PODS_PODFILE_DIR_PATH}/Podfile.lock",
				"${PODS_ROOT}/Manifest.lock",
			);
			name = "[CP] Check Pods Manifest.lock";
			outputFileListPaths = (
			);
			outputPaths = (
				"$(DERIVED_FILE_DIR)/Pods-MovieReview-checkManifestLockResult.txt",
			);
			runOnlyForDeploymentPostprocessing = 0;
			shellPath = /bin/sh;
			shellScript = "diff \"${PODS_PODFILE_DIR_PATH}/Podfile.lock\" \"${PODS_ROOT}/Manifest.lock\" > /dev/null\nif [ $? != 0 ] ; then\n    # print error to STDERR\n    echo \"error: The sandbox is not in sync with the Podfile.lock. Run 'pod install' or update your CocoaPods installation.\" >&2\n    exit 1\nfi\n# This output is used by Xcode 'outputs' to avoid re-running this script phase.\necho \"SUCCESS\" > \"${SCRIPT_OUTPUT_FILE_0}\"\n";
			showEnvVarsInLog = 0;
		};
/* End PBXShellScriptBuildPhase section */

/* Begin PBXSourcesBuildPhase section */
		6AB839D0288E23A800BE01CF /* Sources */ = {
			isa = PBXSourcesBuildPhase;
			buildActionMask = 2147483647;
			files = (
				6AB83A0B288F76E400BE01CF /* Review.swift in Sources */,
				6AB839E1288E23A900BE01CF /* Persistence.swift in Sources */,
				6AB839DA288E23A800BE01CF /* ContentView.swift in Sources */,
				6AB839E4288E23A900BE01CF /* MovieReview.xcdatamodeld in Sources */,
				6AB83A2828978B0F00BE01CF /* ReviewDetailView.swift in Sources */,
				6AB83A2428978A5800BE01CF /* ReviewsView.swift in Sources */,
				6AB83A1A28976B4F00BE01CF /* ResponseModel.swift in Sources */,
				6AB83A1F28976D8600BE01CF /* Network.swift in Sources */,
				6AB839D8288E23A800BE01CF /* MovieReviewApp.swift in Sources */,
				6AB83A1828976B4300BE01CF /* RequestModel.swift in Sources */,
				6AB83A1D28976B7200BE01CF /* Constants.swift in Sources */,
			);
			runOnlyForDeploymentPostprocessing = 0;
		};
		6AB839E5288E23A900BE01CF /* Sources */ = {
			isa = PBXSourcesBuildPhase;
			buildActionMask = 2147483647;
			files = (
				6AB839EE288E23A900BE01CF /* MovieReviewTests.swift in Sources */,
			);
			runOnlyForDeploymentPostprocessing = 0;
		};
		6AB839EF288E23A900BE01CF /* Sources */ = {
			isa = PBXSourcesBuildPhase;
			buildActionMask = 2147483647;
			files = (
				6AB839F8288E23A900BE01CF /* MovieReviewUITests.swift in Sources */,
				6AB839FA288E23A900BE01CF /* MovieReviewUITestsLaunchTests.swift in Sources */,
			);
			runOnlyForDeploymentPostprocessing = 0;
		};
/* End PBXSourcesBuildPhase section */

/* Begin PBXTargetDependency section */
		6AB839EB288E23A900BE01CF /* PBXTargetDependency */ = {
			isa = PBXTargetDependency;
			target = 6AB839D3288E23A800BE01CF /* MovieReview */;
			targetProxy = 6AB839EA288E23A900BE01CF /* PBXContainerItemProxy */;
		};
		6AB839F5288E23A900BE01CF /* PBXTargetDependency */ = {
			isa = PBXTargetDependency;
			target = 6AB839D3288E23A800BE01CF /* MovieReview */;
			targetProxy = 6AB839F4288E23A900BE01CF /* PBXContainerItemProxy */;
		};
/* End PBXTargetDependency section */

/* Begin XCBuildConfiguration section */
		6AB839FB288E23A900BE01CF /* Debug */ = {
			isa = XCBuildConfiguration;
			buildSettings = {
				ALWAYS_SEARCH_USER_PATHS = NO;
				CLANG_ANALYZER_NONNULL = YES;
				CLANG_ANALYZER_NUMBER_OBJECT_CONVERSION = YES_AGGRESSIVE;
				CLANG_CXX_LANGUAGE_STANDARD = "gnu++17";
				CLANG_ENABLE_MODULES = YES;
				CLANG_ENABLE_OBJC_ARC = YES;
				CLANG_ENABLE_OBJC_WEAK = YES;
				CLANG_WARN_BLOCK_CAPTURE_AUTORELEASING = YES;
				CLANG_WARN_BOOL_CONVERSION = YES;
				CLANG_WARN_COMMA = YES;
				CLANG_WARN_CONSTANT_CONVERSION = YES;
				CLANG_WARN_DEPRECATED_OBJC_IMPLEMENTATIONS = YES;
				CLANG_WARN_DIRECT_OBJC_ISA_USAGE = YES_ERROR;
				CLANG_WARN_DOCUMENTATION_COMMENTS = YES;
				CLANG_WARN_EMPTY_BODY = YES;
				CLANG_WARN_ENUM_CONVERSION = YES;
				CLANG_WARN_INFINITE_RECURSION = YES;
				CLANG_WARN_INT_CONVERSION = YES;
				CLANG_WARN_NON_LITERAL_NULL_CONVERSION = YES;
				CLANG_WARN_OBJC_IMPLICIT_RETAIN_SELF = YES;
				CLANG_WARN_OBJC_LITERAL_CONVERSION = YES;
				CLANG_WARN_OBJC_ROOT_CLASS = YES_ERROR;
				CLANG_WARN_QUOTED_INCLUDE_IN_FRAMEWORK_HEADER = YES;
				CLANG_WARN_RANGE_LOOP_ANALYSIS = YES;
				CLANG_WARN_STRICT_PROTOTYPES = YES;
				CLANG_WARN_SUSPICIOUS_MOVE = YES;
				CLANG_WARN_UNGUARDED_AVAILABILITY = YES_AGGRESSIVE;
				CLANG_WARN_UNREACHABLE_CODE = YES;
				CLANG_WARN__DUPLICATE_METHOD_MATCH = YES;
				COPY_PHASE_STRIP = NO;
				DEBUG_INFORMATION_FORMAT = dwarf;
				ENABLE_STRICT_OBJC_MSGSEND = YES;
				ENABLE_TESTABILITY = YES;
				GCC_C_LANGUAGE_STANDARD = gnu11;
				GCC_DYNAMIC_NO_PIC = NO;
				GCC_NO_COMMON_BLOCKS = YES;
				GCC_OPTIMIZATION_LEVEL = 0;
				GCC_PREPROCESSOR_DEFINITIONS = (
					"DEBUG=1",
					"$(inherited)",
				);
				GCC_WARN_64_TO_32_BIT_CONVERSION = YES;
				GCC_WARN_ABOUT_RETURN_TYPE = YES_ERROR;
				GCC_WARN_UNDECLARED_SELECTOR = YES;
				GCC_WARN_UNINITIALIZED_AUTOS = YES_AGGRESSIVE;
				GCC_WARN_UNUSED_FUNCTION = YES;
				GCC_WARN_UNUSED_VARIABLE = YES;
				IPHONEOS_DEPLOYMENT_TARGET = 15.4;
				MTL_ENABLE_DEBUG_INFO = INCLUDE_SOURCE;
				MTL_FAST_MATH = YES;
				ONLY_ACTIVE_ARCH = YES;
				SDKROOT = iphoneos;
				SWIFT_ACTIVE_COMPILATION_CONDITIONS = DEBUG;
				SWIFT_OPTIMIZATION_LEVEL = "-Onone";
			};
			name = Debug;
		};
		6AB839FC288E23A900BE01CF /* Release */ = {
			isa = XCBuildConfiguration;
			buildSettings = {
				ALWAYS_SEARCH_USER_PATHS = NO;
				CLANG_ANALYZER_NONNULL = YES;
				CLANG_ANALYZER_NUMBER_OBJECT_CONVERSION = YES_AGGRESSIVE;
				CLANG_CXX_LANGUAGE_STANDARD = "gnu++17";
				CLANG_ENABLE_MODULES = YES;
				CLANG_ENABLE_OBJC_ARC = YES;
				CLANG_ENABLE_OBJC_WEAK = YES;
				CLANG_WARN_BLOCK_CAPTURE_AUTORELEASING = YES;
				CLANG_WARN_BOOL_CONVERSION = YES;
				CLANG_WARN_COMMA = YES;
				CLANG_WARN_CONSTANT_CONVERSION = YES;
				CLANG_WARN_DEPRECATED_OBJC_IMPLEMENTATIONS = YES;
				CLANG_WARN_DIRECT_OBJC_ISA_USAGE = YES_ERROR;
				CLANG_WARN_DOCUMENTATION_COMMENTS = YES;
				CLANG_WARN_EMPTY_BODY = YES;
				CLANG_WARN_ENUM_CONVERSION = YES;
				CLANG_WARN_INFINITE_RECURSION = YES;
				CLANG_WARN_INT_CONVERSION = YES;
				CLANG_WARN_NON_LITERAL_NULL_CONVERSION = YES;
				CLANG_WARN_OBJC_IMPLICIT_RETAIN_SELF = YES;
				CLANG_WARN_OBJC_LITERAL_CONVERSION = YES;
				CLANG_WARN_OBJC_ROOT_CLASS = YES_ERROR;
				CLANG_WARN_QUOTED_INCLUDE_IN_FRAMEWORK_HEADER = YES;
				CLANG_WARN_RANGE_LOOP_ANALYSIS = YES;
				CLANG_WARN_STRICT_PROTOTYPES = YES;
				CLANG_WARN_SUSPICIOUS_MOVE = YES;
				CLANG_WARN_UNGUARDED_AVAILABILITY = YES_AGGRESSIVE;
				CLANG_WARN_UNREACHABLE_CODE = YES;
				CLANG_WARN__DUPLICATE_METHOD_MATCH = YES;
				COPY_PHASE_STRIP = NO;
				DEBUG_INFORMATION_FORMAT = "dwarf-with-dsym";
				ENABLE_NS_ASSERTIONS = NO;
				ENABLE_STRICT_OBJC_MSGSEND = YES;
				GCC_C_LANGUAGE_STANDARD = gnu11;
				GCC_NO_COMMON_BLOCKS = YES;
				GCC_WARN_64_TO_32_BIT_CONVERSION = YES;
				GCC_WARN_ABOUT_RETURN_TYPE = YES_ERROR;
				GCC_WARN_UNDECLARED_SELECTOR = YES;
				GCC_WARN_UNINITIALIZED_AUTOS = YES_AGGRESSIVE;
				GCC_WARN_UNUSED_FUNCTION = YES;
				GCC_WARN_UNUSED_VARIABLE = YES;
				IPHONEOS_DEPLOYMENT_TARGET = 15.4;
				MTL_ENABLE_DEBUG_INFO = NO;
				MTL_FAST_MATH = YES;
				SDKROOT = iphoneos;
				SWIFT_COMPILATION_MODE = wholemodule;
				SWIFT_OPTIMIZATION_LEVEL = "-O";
				VALIDATE_PRODUCT = YES;
			};
			name = Release;
		};
		6AB839FE288E23A900BE01CF /* Debug */ = {
			isa = XCBuildConfiguration;
			baseConfigurationReference = 7BAF5ABA05A213B157815433 /* Pods-MovieReview.debug.xcconfig */;
			buildSettings = {
				ASSETCATALOG_COMPILER_APPICON_NAME = AppIcon;
				ASSETCATALOG_COMPILER_GLOBAL_ACCENT_COLOR_NAME = AccentColor;
				CODE_SIGN_STYLE = Automatic;
				CURRENT_PROJECT_VERSION = 1;
				DEVELOPMENT_ASSET_PATHS = "\"MovieReview/Preview Content\"";
				DEVELOPMENT_TEAM = XJA7283JV3;
				ENABLE_PREVIEWS = YES;
				GENERATE_INFOPLIST_FILE = YES;
				INFOPLIST_KEY_UIApplicationSceneManifest_Generation = YES;
				INFOPLIST_KEY_UIApplicationSupportsIndirectInputEvents = YES;
				INFOPLIST_KEY_UILaunchScreen_Generation = YES;
				INFOPLIST_KEY_UISupportedInterfaceOrientations_iPad = "UIInterfaceOrientationPortrait UIInterfaceOrientationPortraitUpsideDown UIInterfaceOrientationLandscapeLeft UIInterfaceOrientationLandscapeRight";
				INFOPLIST_KEY_UISupportedInterfaceOrientations_iPhone = "UIInterfaceOrientationPortrait UIInterfaceOrientationLandscapeLeft UIInterfaceOrientationLandscapeRight";
				LD_RUNPATH_SEARCH_PATHS = (
					"$(inherited)",
					"@executable_path/Frameworks",
				);
				MARKETING_VERSION = 1.0;
				PRODUCT_BUNDLE_IDENTIFIER = com.yujin.MovieReview;
				PRODUCT_NAME = "$(TARGET_NAME)";
				SWIFT_EMIT_LOC_STRINGS = YES;
				SWIFT_VERSION = 5.0;
				TARGETED_DEVICE_FAMILY = "1,2";
			};
			name = Debug;
		};
		6AB839FF288E23A900BE01CF /* Release */ = {
			isa = XCBuildConfiguration;
			baseConfigurationReference = 7FD739F21EE2A38C617169A5 /* Pods-MovieReview.release.xcconfig */;
			buildSettings = {
				ASSETCATALOG_COMPILER_APPICON_NAME = AppIcon;
				ASSETCATALOG_COMPILER_GLOBAL_ACCENT_COLOR_NAME = AccentColor;
				CODE_SIGN_STYLE = Automatic;
				CURRENT_PROJECT_VERSION = 1;
				DEVELOPMENT_ASSET_PATHS = "\"MovieReview/Preview Content\"";
				DEVELOPMENT_TEAM = XJA7283JV3;
				ENABLE_PREVIEWS = YES;
				GENERATE_INFOPLIST_FILE = YES;
				INFOPLIST_KEY_UIApplicationSceneManifest_Generation = YES;
				INFOPLIST_KEY_UIApplicationSupportsIndirectInputEvents = YES;
				INFOPLIST_KEY_UILaunchScreen_Generation = YES;
				INFOPLIST_KEY_UISupportedInterfaceOrientations_iPad = "UIInterfaceOrientationPortrait UIInterfaceOrientationPortraitUpsideDown UIInterfaceOrientationLandscapeLeft UIInterfaceOrientationLandscapeRight";
				INFOPLIST_KEY_UISupportedInterfaceOrientations_iPhone = "UIInterfaceOrientationPortrait UIInterfaceOrientationLandscapeLeft UIInterfaceOrientationLandscapeRight";
				LD_RUNPATH_SEARCH_PATHS = (
					"$(inherited)",
					"@executable_path/Frameworks",
				);
				MARKETING_VERSION = 1.0;
				PRODUCT_BUNDLE_IDENTIFIER = com.yujin.MovieReview;
				PRODUCT_NAME = "$(TARGET_NAME)";
				SWIFT_EMIT_LOC_STRINGS = YES;
				SWIFT_VERSION = 5.0;
				TARGETED_DEVICE_FAMILY = "1,2";
			};
			name = Release;
		};
		6AB83A01288E23A900BE01CF /* Debug */ = {
			isa = XCBuildConfiguration;
			baseConfigurationReference = 41E3480D2996AB3A3D0586FF /* Pods-MovieReviewTests.debug.xcconfig */;
			buildSettings = {
				ALWAYS_EMBED_SWIFT_STANDARD_LIBRARIES = YES;
				BUNDLE_LOADER = "$(TEST_HOST)";
				CODE_SIGN_STYLE = Automatic;
				CURRENT_PROJECT_VERSION = 1;
				DEVELOPMENT_TEAM = XJA7283JV3;
				GENERATE_INFOPLIST_FILE = YES;
				IPHONEOS_DEPLOYMENT_TARGET = 15.4;
				MARKETING_VERSION = 1.0;
				PRODUCT_BUNDLE_IDENTIFIER = com.yujin.MovieReviewTests;
				PRODUCT_NAME = "$(TARGET_NAME)";
				SWIFT_EMIT_LOC_STRINGS = NO;
				SWIFT_VERSION = 5.0;
				TARGETED_DEVICE_FAMILY = "1,2";
				TEST_HOST = "$(BUILT_PRODUCTS_DIR)/MovieReview.app/MovieReview";
			};
			name = Debug;
		};
		6AB83A02288E23A900BE01CF /* Release */ = {
			isa = XCBuildConfiguration;
			baseConfigurationReference = 1C45130B79F5EC9083BE602C /* Pods-MovieReviewTests.release.xcconfig */;
			buildSettings = {
				ALWAYS_EMBED_SWIFT_STANDARD_LIBRARIES = YES;
				BUNDLE_LOADER = "$(TEST_HOST)";
				CODE_SIGN_STYLE = Automatic;
				CURRENT_PROJECT_VERSION = 1;
				DEVELOPMENT_TEAM = XJA7283JV3;
				GENERATE_INFOPLIST_FILE = YES;
				IPHONEOS_DEPLOYMENT_TARGET = 15.4;
				MARKETING_VERSION = 1.0;
				PRODUCT_BUNDLE_IDENTIFIER = com.yujin.MovieReviewTests;
				PRODUCT_NAME = "$(TARGET_NAME)";
				SWIFT_EMIT_LOC_STRINGS = NO;
				SWIFT_VERSION = 5.0;
				TARGETED_DEVICE_FAMILY = "1,2";
				TEST_HOST = "$(BUILT_PRODUCTS_DIR)/MovieReview.app/MovieReview";
			};
			name = Release;
		};
		6AB83A04288E23A900BE01CF /* Debug */ = {
			isa = XCBuildConfiguration;
			baseConfigurationReference = FA29B69E0449A19AA92C5443 /* Pods-MovieReview-MovieReviewUITests.debug.xcconfig */;
			buildSettings = {
				ALWAYS_EMBED_SWIFT_STANDARD_LIBRARIES = YES;
				CODE_SIGN_STYLE = Automatic;
				CURRENT_PROJECT_VERSION = 1;
				DEVELOPMENT_TEAM = XJA7283JV3;
				GENERATE_INFOPLIST_FILE = YES;
				MARKETING_VERSION = 1.0;
				PRODUCT_BUNDLE_IDENTIFIER = com.yujin.MovieReviewUITests;
				PRODUCT_NAME = "$(TARGET_NAME)";
				SWIFT_EMIT_LOC_STRINGS = NO;
				SWIFT_VERSION = 5.0;
				TARGETED_DEVICE_FAMILY = "1,2";
				TEST_TARGET_NAME = MovieReview;
			};
			name = Debug;
		};
		6AB83A05288E23A900BE01CF /* Release */ = {
			isa = XCBuildConfiguration;
			baseConfigurationReference = 786D58FB6B7EBE7C6096FE5A /* Pods-MovieReview-MovieReviewUITests.release.xcconfig */;
			buildSettings = {
				ALWAYS_EMBED_SWIFT_STANDARD_LIBRARIES = YES;
				CODE_SIGN_STYLE = Automatic;
				CURRENT_PROJECT_VERSION = 1;
				DEVELOPMENT_TEAM = XJA7283JV3;
				GENERATE_INFOPLIST_FILE = YES;
				MARKETING_VERSION = 1.0;
				PRODUCT_BUNDLE_IDENTIFIER = com.yujin.MovieReviewUITests;
				PRODUCT_NAME = "$(TARGET_NAME)";
				SWIFT_EMIT_LOC_STRINGS = NO;
				SWIFT_VERSION = 5.0;
				TARGETED_DEVICE_FAMILY = "1,2";
				TEST_TARGET_NAME = MovieReview;
			};
			name = Release;
		};
/* End XCBuildConfiguration section */

/* Begin XCConfigurationList section */
		6AB839CF288E23A800BE01CF /* Build configuration list for PBXProject "MovieReview" */ = {
			isa = XCConfigurationList;
			buildConfigurations = (
				6AB839FB288E23A900BE01CF /* Debug */,
				6AB839FC288E23A900BE01CF /* Release */,
			);
			defaultConfigurationIsVisible = 0;
			defaultConfigurationName = Release;
		};
		6AB839FD288E23A900BE01CF /* Build configuration list for PBXNativeTarget "MovieReview" */ = {
			isa = XCConfigurationList;
			buildConfigurations = (
				6AB839FE288E23A900BE01CF /* Debug */,
				6AB839FF288E23A900BE01CF /* Release */,
			);
			defaultConfigurationIsVisible = 0;
			defaultConfigurationName = Release;
		};
		6AB83A00288E23A900BE01CF /* Build configuration list for PBXNativeTarget "MovieReviewTests" */ = {
			isa = XCConfigurationList;
			buildConfigurations = (
				6AB83A01288E23A900BE01CF /* Debug */,
				6AB83A02288E23A900BE01CF /* Release */,
			);
			defaultConfigurationIsVisible = 0;
			defaultConfigurationName = Release;
		};
		6AB83A03288E23A900BE01CF /* Build configuration list for PBXNativeTarget "MovieReviewUITests" */ = {
			isa = XCConfigurationList;
			buildConfigurations = (
				6AB83A04288E23A900BE01CF /* Debug */,
				6AB83A05288E23A900BE01CF /* Release */,
			);
			defaultConfigurationIsVisible = 0;
			defaultConfigurationName = Release;
		};
/* End XCConfigurationList section */

/* Begin XCRemoteSwiftPackageReference section */
		6AB83A11288F86B800BE01CF /* XCRemoteSwiftPackageReference "Alamofire" */ = {
			isa = XCRemoteSwiftPackageReference;
			repositoryURL = "https://github.com/Alamofire/Alamofire.git";
			requirement = {
				branch = master;
				kind = branch;
			};
		};
		6AB83A14288F86CB00BE01CF /* XCRemoteSwiftPackageReference "Kingfisher" */ = {
			isa = XCRemoteSwiftPackageReference;
			repositoryURL = "https://github.com/onevcat/Kingfisher.git";
			requirement = {
				branch = master;
				kind = branch;
			};
		};
/* End XCRemoteSwiftPackageReference section */

/* Begin XCSwiftPackageProductDependency section */
		6AB83A12288F86B800BE01CF /* Alamofire */ = {
			isa = XCSwiftPackageProductDependency;
			package = 6AB83A11288F86B800BE01CF /* XCRemoteSwiftPackageReference "Alamofire" */;
			productName = Alamofire;
		};
		6AB83A15288F86CB00BE01CF /* Kingfisher */ = {
			isa = XCSwiftPackageProductDependency;
			package = 6AB83A14288F86CB00BE01CF /* XCRemoteSwiftPackageReference "Kingfisher" */;
			productName = Kingfisher;
		};
/* End XCSwiftPackageProductDependency section */

/* Begin XCVersionGroup section */
		6AB839E2288E23A900BE01CF /* MovieReview.xcdatamodeld */ = {
			isa = XCVersionGroup;
			children = (
				6AB839E3288E23A900BE01CF /* MovieReview.xcdatamodel */,
			);
			currentVersion = 6AB839E3288E23A900BE01CF /* MovieReview.xcdatamodel */;
			path = MovieReview.xcdatamodeld;
			sourceTree = "<group>";
			versionGroupType = wrapper.xcdatamodel;
		};
/* End XCVersionGroup section */
	};
	rootObject = 6AB839CC288E23A800BE01CF /* Project object */;
}
